
Microsoft Visual Studio Solution File, Format Version 12.00
# Visual Studio Version 16
VisualStudioVersion = 16.0.30309.148
MinimumVisualStudioVersion = 10.0.40219.1
Project("{FAE04EC0-301F-11D3-BF4B-00C04F79EFBC}") = "WebAssigmentAutoKP", "WebAssigmentAutoKP\WebAssigmentAutoKP.csproj", "{EA41D7F2-0A4E-42A8-93F5-24607BA11C19}"
EndProject
Global
	GlobalSection(SolutionConfigurationPlatforms) = preSolution
		Debug|Any CPU = Debug|Any CPU
		Release|Any CPU = Release|Any CPU
	EndGlobalSection
	GlobalSection(ProjectConfigurationPlatforms) = postSolution
		{EA41D7F2-0A4E-42A8-93F5-24607BA11C19}.Debug|Any CPU.ActiveCfg = Debug|Any CPU
		{EA41D7F2-0A4E-42A8-93F5-24607BA11C19}.Debug|Any CPU.Build.0 = Debug|Any CPU
		{EA41D7F2-0A4E-42A8-93F5-24607BA11C19}.Release|Any CPU.ActiveCfg = Release|Any CPU
		{EA41D7F2-0A4E-42A8-93F5-24607BA11C19}.Release|Any CPU.Build.0 = Release|Any CPU
	EndGlobalSection
	GlobalSection(SolutionProperties) = preSolution
		HideSolutionNode = FALSE
	EndGlobalSection
	GlobalSection(ExtensibilityGlobals) = postSolution
		SolutionGuid = {64170C19-A4F4-4CC5-98B1-40E8B31834ED}
	EndGlobalSection
EndGlobal
